
Microsoft Visual Studio Solution File, Format Version 12.00
Project("{2150E333-8FDC-42A3-9474-1A3956D46DE8}") = "ProductSell", "ProductSell", "{06F05D79-160B-43C1-8EC2-ADDD5E98E4A4}"
EndProject
Project("{FAE04EC0-301F-11D3-BF4B-00C04F79EFBC}") = "Domain", "Domain\Domain.csproj", "{C2C82198-A6FE-4A0E-9563-DC8DA8F21553}"
EndProject
Project("{2150E333-8FDC-42A3-9474-1A3956D46DE8}") = "test", "test", "{16C9701B-6A3A-4B64-B0F2-4828D2912FE7}"
EndProject
Project("{FAE04EC0-301F-11D3-BF4B-00C04F79EFBC}") = "DomainTests", "DomainTests\DomainTests.csproj", "{B375B018-93DB-462A-92C0-7A0F0D8576E4}"
EndProject
Project("{FAE04EC0-301F-11D3-BF4B-00C04F79EFBC}") = "Application", "Application\Application.csproj", "{EC1E1317-2CBE-45A7-BB9D-030ED9BEDEE4}"
EndProject
Project("{FAE04EC0-301F-11D3-BF4B-00C04F79EFBC}") = "EFCore", "EFCore\EFCore.csproj", "{BD82BD9F-177A-4AEE-8795-852B1180EDB4}"
EndProject
Project("{2150E333-8FDC-42A3-9474-1A3956D46DE8}") = "Presentation", "Presentation", "{60DB44EF-3ECC-4ACF-9E28-13EEB01B7FA0}"
EndProject
Project("{FAE04EC0-301F-11D3-BF4B-00C04F79EFBC}") = "WebApi", "WebApi\WebApi.csproj", "{4B88824C-6B11-4BC2-8C86-D14ECBA7D5C3}"
EndProject
Project("{2150E333-8FDC-42A3-9474-1A3956D46DE8}") = "Infrastructure", "Infrastructure", "{49291D05-9357-45EE-8A7F-4FF9452C5CCF}"
EndProject
Project("{FAE04EC0-301F-11D3-BF4B-00C04F79EFBC}") = "Queries", "Queries\Queries.csproj", "{C7BD18FB-D8F4-43B9-8CB9-73C5A8461DEA}"
EndProject
Global
	GlobalSection(SolutionConfigurationPlatforms) = preSolution
		Debug|Any CPU = Debug|Any CPU
		Release|Any CPU = Release|Any CPU
	EndGlobalSection
	GlobalSection(ProjectConfigurationPlatforms) = postSolution
		{C2C82198-A6FE-4A0E-9563-DC8DA8F21553}.Debug|Any CPU.ActiveCfg = Debug|Any CPU
		{C2C82198-A6FE-4A0E-9563-DC8DA8F21553}.Debug|Any CPU.Build.0 = Debug|Any CPU
		{C2C82198-A6FE-4A0E-9563-DC8DA8F21553}.Release|Any CPU.ActiveCfg = Release|Any CPU
		{C2C82198-A6FE-4A0E-9563-DC8DA8F21553}.Release|Any CPU.Build.0 = Release|Any CPU
		{B375B018-93DB-462A-92C0-7A0F0D8576E4}.Debug|Any CPU.ActiveCfg = Debug|Any CPU
		{B375B018-93DB-462A-92C0-7A0F0D8576E4}.Debug|Any CPU.Build.0 = Debug|Any CPU
		{B375B018-93DB-462A-92C0-7A0F0D8576E4}.Release|Any CPU.ActiveCfg = Release|Any CPU
		{B375B018-93DB-462A-92C0-7A0F0D8576E4}.Release|Any CPU.Build.0 = Release|Any CPU
		{EC1E1317-2CBE-45A7-BB9D-030ED9BEDEE4}.Debug|Any CPU.ActiveCfg = Debug|Any CPU
		{EC1E1317-2CBE-45A7-BB9D-030ED9BEDEE4}.Debug|Any CPU.Build.0 = Debug|Any CPU
		{EC1E1317-2CBE-45A7-BB9D-030ED9BEDEE4}.Release|Any CPU.ActiveCfg = Release|Any CPU
		{EC1E1317-2CBE-45A7-BB9D-030ED9BEDEE4}.Release|Any CPU.Build.0 = Release|Any CPU
		{BD82BD9F-177A-4AEE-8795-852B1180EDB4}.Debug|Any CPU.ActiveCfg = Debug|Any CPU
		{BD82BD9F-177A-4AEE-8795-852B1180EDB4}.Debug|Any CPU.Build.0 = Debug|Any CPU
		{BD82BD9F-177A-4AEE-8795-852B1180EDB4}.Release|Any CPU.ActiveCfg = Release|Any CPU
		{BD82BD9F-177A-4AEE-8795-852B1180EDB4}.Release|Any CPU.Build.0 = Release|Any CPU
		{4B88824C-6B11-4BC2-8C86-D14ECBA7D5C3}.Debug|Any CPU.ActiveCfg = Debug|Any CPU
		{4B88824C-6B11-4BC2-8C86-D14ECBA7D5C3}.Debug|Any CPU.Build.0 = Debug|Any CPU
		{4B88824C-6B11-4BC2-8C86-D14ECBA7D5C3}.Release|Any CPU.ActiveCfg = Release|Any CPU
		{4B88824C-6B11-4BC2-8C86-D14ECBA7D5C3}.Release|Any CPU.Build.0 = Release|Any CPU
		{C7BD18FB-D8F4-43B9-8CB9-73C5A8461DEA}.Debug|Any CPU.ActiveCfg = Debug|Any CPU
		{C7BD18FB-D8F4-43B9-8CB9-73C5A8461DEA}.Debug|Any CPU.Build.0 = Debug|Any CPU
		{C7BD18FB-D8F4-43B9-8CB9-73C5A8461DEA}.Release|Any CPU.ActiveCfg = Release|Any CPU
		{C7BD18FB-D8F4-43B9-8CB9-73C5A8461DEA}.Release|Any CPU.Build.0 = Release|Any CPU
	EndGlobalSection
	GlobalSection(NestedProjects) = preSolution
		{C2C82198-A6FE-4A0E-9563-DC8DA8F21553} = {06F05D79-160B-43C1-8EC2-ADDD5E98E4A4}
		{B375B018-93DB-462A-92C0-7A0F0D8576E4} = {16C9701B-6A3A-4B64-B0F2-4828D2912FE7}
		{EC1E1317-2CBE-45A7-BB9D-030ED9BEDEE4} = {06F05D79-160B-43C1-8EC2-ADDD5E98E4A4}
		{4B88824C-6B11-4BC2-8C86-D14ECBA7D5C3} = {60DB44EF-3ECC-4ACF-9E28-13EEB01B7FA0}
		{BD82BD9F-177A-4AEE-8795-852B1180EDB4} = {49291D05-9357-45EE-8A7F-4FF9452C5CCF}
		{C7BD18FB-D8F4-43B9-8CB9-73C5A8461DEA} = {06F05D79-160B-43C1-8EC2-ADDD5E98E4A4}
	EndGlobalSection
EndGlobal
